{
    "name": "sample",
    "version": "1.0.0",
    "lockfileVersion": 2,
    "requires": true,
    "packages": {
        "": {
            "name": "sample",
            "version": "1.0.0",
            "license": "ISC",
            "dependencies": {
                "react": "^0.0"
            }
        },
        "node_modules/react": {
            "version": "0.0.3",
            "resolved": "https://registry.npmjs.org/react/-/react-0.0.3.tgz",
            "integrity": "sha512-zTz2ca9K8nQ9qEgTUW2zxA6cXPNbH0+sQWtggf7pX7fybTpx7UQb4jUD00YlpvYGVRNcihrk31PpITt1eL/rZw==",
            "engines": {
                "node": "~v0.4.12"
            }
        }
    },
    "dependencies": {
        "react": {
            "version": "0.0.3",
            "resolved": "https://registry.npmjs.org/react/-/react-0.0.3.tgz",
            "integrity": "sha512-zTz2ca9K8nQ9qEgTUW2zxA6cXPNbH0+sQWtggf7pX7fybTpx7UQb4jUD00YlpvYGVRNcihrk31PpITt1eL/rZw=="
        }
    }
}
